
Microsoft Visual Studio Solution File, Format Version 12.00
# Visual Studio Version 17
VisualStudioVersion = 17.8.34330.188
MinimumVisualStudioVersion = 10.0.40219.1
Project("{FAE04EC0-301F-11D3-BF4B-00C04F79EFBC}") = "Finsmart_final", "Finsmart_final.csproj", "{E538C099-16DA-40F5-B9C0-B2785378EFD8}"
EndProject
Global
	GlobalSection(SolutionConfigurationPlatforms) = preSolution
		Debug|Any CPU = Debug|Any CPU
		Release|Any CPU = Release|Any CPU
	EndGlobalSection
	GlobalSection(ProjectConfigurationPlatforms) = postSolution
		{E538C099-16DA-40F5-B9C0-B2785378EFD8}.Debug|Any CPU.ActiveCfg = Debug|Any CPU
		{E538C099-16DA-40F5-B9C0-B2785378EFD8}.Debug|Any CPU.Build.0 = Debug|Any CPU
		{E538C099-16DA-40F5-B9C0-B2785378EFD8}.Release|Any CPU.ActiveCfg = Release|Any CPU
		{E538C099-16DA-40F5-B9C0-B2785378EFD8}.Release|Any CPU.Build.0 = Release|Any CPU
	EndGlobalSection
	GlobalSection(SolutionProperties) = preSolution
		HideSolutionNode = FALSE
	EndGlobalSection
	GlobalSection(ExtensibilityGlobals) = postSolution
		SolutionGuid = {679DF5C8-11F2-4FE3-BD51-86487E699CF9}
	EndGlobalSection
EndGlobal
